
Microsoft Visual Studio Solution File, Format Version 12.00
# Visual Studio Version 16
VisualStudioVersion = 16.0.30717.126
MinimumVisualStudioVersion = 10.0.40219.1
Project("{FAE04EC0-301F-11D3-BF4B-00C04F79EFBC}") = "WebPong", "WebPong\WebPong.csproj", "{ACCEDA14-25F7-49D7-9B3D-F7F31A274786}"
EndProject
Global
	GlobalSection(SolutionConfigurationPlatforms) = preSolution
		Debug|Any CPU = Debug|Any CPU
		Release|Any CPU = Release|Any CPU
	EndGlobalSection
	GlobalSection(ProjectConfigurationPlatforms) = postSolution
		{ACCEDA14-25F7-49D7-9B3D-F7F31A274786}.Debug|Any CPU.ActiveCfg = Debug|Any CPU
		{ACCEDA14-25F7-49D7-9B3D-F7F31A274786}.Debug|Any CPU.Build.0 = Debug|Any CPU
		{ACCEDA14-25F7-49D7-9B3D-F7F31A274786}.Release|Any CPU.ActiveCfg = Release|Any CPU
		{ACCEDA14-25F7-49D7-9B3D-F7F31A274786}.Release|Any CPU.Build.0 = Release|Any CPU
	EndGlobalSection
	GlobalSection(SolutionProperties) = preSolution
		HideSolutionNode = FALSE
	EndGlobalSection
	GlobalSection(ExtensibilityGlobals) = postSolution
		SolutionGuid = {F2988B1F-78E4-457D-89B8-60209C9C0043}
	EndGlobalSection
EndGlobal
